{
  "version": 4,
  "terraform_version": "1.12.2",
  "serial": 5,
  "lineage": "656142f1-1722-aa2f-6a3d-963a8e4d96ed",
  "outputs": {
    "pet_name": {
      "value": "dev-newly-enabled-penguin",
      "type": "string"
    }
  },
  "resources": [
    {
      "mode": "managed",
      "type": "random_pet",
      "name": "example",
      "provider": "provider[\"registry.terraform.io/hashicorp/random\"]",
      "instances": [
        {
          "schema_version": 0,
          "attributes": {
            "id": "dev-newly-enabled-penguin",
            "keepers": null,
            "length": 3,
            "prefix": "dev",
            "separator": "-"
          },
          "sensitive_attributes": [],
          "identity_schema_version": 0
        }
      ]
    }
  ],
  "check_results": null
}
