{
  "version": 4,
  "terraform_version": "1.12.2",
  "serial": 2,
  "lineage": "b769a53a-1a04-9d34-0937-a15a50663b0a",
  "outputs": {
    "nahin_string": {
      "value": "dev-KWaph7a1KDbH",
      "type": "string"
    }
  },
  "resources": [
    {
      "mode": "managed",
      "type": "random_string",
      "name": "nahin",
      "provider": "provider[\"registry.terraform.io/hashicorp/random\"]",
      "instances": [
        {
          "schema_version": 2,
          "attributes": {
            "id": "KWaph7a1KDbH",
            "keepers": null,
            "length": 12,
            "lower": true,
            "min_lower": 0,
            "min_numeric": 0,
            "min_special": 0,
            "min_upper": 0,
            "number": true,
            "numeric": true,
            "override_special": null,
            "result": "KWaph7a1KDbH",
            "special": true,
            "upper": true
          },
          "sensitive_attributes": [],
          "identity_schema_version": 0
        }
      ]
    }
  ],
  "check_results": null
}
